{
  "name": "zeanbiotech",
  "version": "1.0.0",
  "lockfileVersion": 3,
  "requires": true,
  "packages": {
    "": {
      "name": "zeanbiotech",
      "version": "1.0.0",
      "license": "ISC",
      "dependencies": {
        "edge.js": "^6.2.0"
      }
    },
    "node_modules/@lukeed/ms": {
      "version": "2.0.2",
      "resolved": "https://registry.npmjs.org/@lukeed/ms/-/ms-2.0.2.tgz",
      "integrity": "sha512-9I2Zn6+NJLfaGoz9jN3lpwDgAYvfGeNYdbAIjJOqzs4Tpc+VU3Jqq4IofSUBKajiDS8k9fZIg18/z13mpk1bsA==",
      "engines": {
        "node": ">=8"
      }
    },
    "node_modules/@poppinss/inspect": {
      "version": "1.0.1",
      "resolved": "https://registry.npmjs.org/@poppinss/inspect/-/inspect-1.0.1.tgz",
      "integrity": "sha512-kLeEaBSGhlleyYvKc7c9s3uE6xv7cwyulE0EgHf4jU/CL96h0yC4mkdw1wvC1l1PYYQozCGy46FwMBAAMOobCA==",
      "funding": {
        "url": "https://github.com/sponsors/ljharb"
      }
    },
    "node_modules/@poppinss/macroable": {
      "version": "1.0.3",
      "resolved": "https://registry.npmjs.org/@poppinss/macroable/-/macroable-1.0.3.tgz",
      "integrity": "sha512-B4iV6QxW//Fn17+qF1EMZRmoThIUJlCtcO85yoRDJnMyHeAthjz4ig9OTkfGGXKtQhcdPX0me75gU5K9J897+w==",
      "engines": {
        "node": ">=18.16.0"
      }
    },
    "node_modules/@poppinss/utils": {
      "version": "6.8.3",
      "resolved": "https://registry.npmjs.org/@poppinss/utils/-/utils-6.8.3.tgz",
      "integrity": "sha512-YGeH7pIUm9ExONURNH3xN61dBZ0SXgVuPA9E76t7EHeZHXPNrmR8TlbXQaka6kd5n+cpBNcHG4VsVfYf59bZ7g==",
      "dependencies": {
        "@lukeed/ms": "^2.0.2",
        "@types/bytes": "^3.1.4",
        "@types/pluralize": "^0.0.33",
        "bytes": "^3.1.2",
        "case-anything": "^3.1.0",
        "flattie": "^1.1.1",
        "pluralize": "^8.0.0",
        "safe-stable-stringify": "^2.5.0",
        "secure-json-parse": "^2.7.0",
        "slash": "^5.1.0",
        "slugify": "^1.6.6",
        "truncatise": "^0.0.8"
      },
      "engines": {
        "node": ">=18.16.0"
      }
    },
    "node_modules/@types/bytes": {
      "version": "3.1.4",
      "resolved": "https://registry.npmjs.org/@types/bytes/-/bytes-3.1.4.tgz",
      "integrity": "sha512-A0uYgOj3zNc4hNjHc5lYUfJQ/HVyBXiUMKdXd7ysclaE6k9oJdavQzODHuwjpUu2/boCP8afjQYi8z/GtvNCWA=="
    },
    "node_modules/@types/pluralize": {
      "version": "0.0.33",
      "resolved": "https://registry.npmjs.org/@types/pluralize/-/pluralize-0.0.33.tgz",
      "integrity": "sha512-JOqsl+ZoCpP4e8TDke9W79FDcSgPAR0l6pixx2JHkhnRjvShyYiAYw2LVsnA7K08Y6DeOnaU6ujmENO4os/cYg=="
    },
    "node_modules/acorn": {
      "version": "8.14.0",
      "resolved": "https://registry.npmjs.org/acorn/-/acorn-8.14.0.tgz",
      "integrity": "sha512-cl669nCJTZBsL97OF4kUQm5g5hC2uihk0NxY3WENAC0TYdILVkAyHymAntgxGkl7K+t0cXIrH5siy5S4XkFycA==",
      "bin": {
        "acorn": "bin/acorn"
      },
      "engines": {
        "node": ">=0.4.0"
      }
    },
    "node_modules/astring": {
      "version": "1.9.0",
      "resolved": "https://registry.npmjs.org/astring/-/astring-1.9.0.tgz",
      "integrity": "sha512-LElXdjswlqjWrPpJFg1Fx4wpkOCxj1TDHlSV4PlaRxHGWko024xICaa97ZkMfs6DRKlCguiAI+rbXv5GWwXIkg==",
      "bin": {
        "astring": "bin/astring"
      }
    },
    "node_modules/bytes": {
      "version": "3.1.2",
      "resolved": "https://registry.npmjs.org/bytes/-/bytes-3.1.2.tgz",
      "integrity": "sha512-/Nf7TyzTx6S3yRJObOAV7956r8cr2+Oj8AC5dt8wSP3BQAoeX58NoHyCU8P8zGkNXStjTSi6fzO6F0pBdcYbEg==",
      "engines": {
        "node": ">= 0.8"
      }
    },
    "node_modules/case-anything": {
      "version": "3.1.0",
      "resolved": "https://registry.npmjs.org/case-anything/-/case-anything-3.1.0.tgz",
      "integrity": "sha512-rRYnn5Elur8RuNHKoJ2b0tgn+pjYxL7BzWom+JZ7NKKn1lt/yGV/tUNwOovxYa9l9VL5hnXQdMc+mENbhJzosQ==",
      "engines": {
        "node": ">=18"
      },
      "funding": {
        "url": "https://github.com/sponsors/mesqueeb"
      }
    },
    "node_modules/classnames": {
      "version": "2.5.1",
      "resolved": "https://registry.npmjs.org/classnames/-/classnames-2.5.1.tgz",
      "integrity": "sha512-saHYOzhIQs6wy2sVxTM6bUDsQO4F50V9RQ22qBpEdCW+I+/Wmke2HOl6lS6dTpdxVhb88/I6+Hs+438c3lfUow=="
    },
    "node_modules/edge-error": {
      "version": "4.0.1",
      "resolved": "https://registry.npmjs.org/edge-error/-/edge-error-4.0.1.tgz",
      "integrity": "sha512-z5mNO97k8hRVpJ6Ew1qbkMTfQ44CwuWnl+ShMCrEFgD+b324CnjBS6HbiR+Wh6Wcmw9C+/XsFBHzZ+376PpD/w==",
      "engines": {
        "node": ">=18.16.0"
      }
    },
    "node_modules/edge-lexer": {
      "version": "6.0.2",
      "resolved": "https://registry.npmjs.org/edge-lexer/-/edge-lexer-6.0.2.tgz",
      "integrity": "sha512-C30wqcw66JwpepLnsTqTp0P4JqKa2xEbAfNj3dPOvBYq4zybiYuhlpSzExvNUeoAAnbjgozgVTVAQ38HctyV4g==",
      "dependencies": {
        "edge-error": "^4.0.1"
      },
      "engines": {
        "node": ">=18.16.0"
      }
    },
    "node_modules/edge-parser": {
      "version": "9.0.3",
      "resolved": "https://registry.npmjs.org/edge-parser/-/edge-parser-9.0.3.tgz",
      "integrity": "sha512-E9W+9wV8QVGLZCtrgKp6k9kIncsUxmrpa/yG+vwVGPpCMBZZZZaShJXwVDHThyL2mkHkWyYvhBpPhuucgW8kiA==",
      "dependencies": {
        "acorn": "^8.12.1",
        "astring": "^1.9.0",
        "edge-error": "^4.0.1",
        "edge-lexer": "^6.0.2",
        "js-stringify": "^1.0.2"
      },
      "engines": {
        "node": ">=18.16.0"
      }
    },
    "node_modules/edge.js": {
      "version": "6.2.0",
      "resolved": "https://registry.npmjs.org/edge.js/-/edge.js-6.2.0.tgz",
      "integrity": "sha512-xw82TzdPngccJiFqK6FE/79vO6mUvWVvKe6OEu/VHDOf199SIOW1q022d3UIaKGXcwf60lIXZYPIRqooQuzigA==",
      "dependencies": {
        "@poppinss/inspect": "^1.0.1",
        "@poppinss/macroable": "^1.0.3",
        "@poppinss/utils": "^6.8.1",
        "classnames": "^2.5.1",
        "edge-error": "^4.0.1",
        "edge-lexer": "^6.0.2",
        "edge-parser": "^9.0.3",
        "fs-readdir-recursive": "^1.1.0",
        "he": "^1.2.0",
        "js-stringify": "^1.0.2",
        "property-information": "^6.5.0",
        "stringify-attributes": "^4.0.0"
      },
      "engines": {
        "node": ">=18.16.0"
      }
    },
    "node_modules/escape-goat": {
      "version": "4.0.0",
      "resolved": "https://registry.npmjs.org/escape-goat/-/escape-goat-4.0.0.tgz",
      "integrity": "sha512-2Sd4ShcWxbx6OY1IHyla/CVNwvg7XwZVoXZHcSu9w9SReNP1EzzD5T8NWKIR38fIqEns9kDWKUQTXXAmlDrdPg==",
      "engines": {
        "node": ">=12"
      },
      "funding": {
        "url": "https://github.com/sponsors/sindresorhus"
      }
    },
    "node_modules/flattie": {
      "version": "1.1.1",
      "resolved": "https://registry.npmjs.org/flattie/-/flattie-1.1.1.tgz",
      "integrity": "sha512-9UbaD6XdAL97+k/n+N7JwX46K/M6Zc6KcFYskrYL8wbBV/Uyk0CTAMY0VT+qiK5PM7AIc9aTWYtq65U7T+aCNQ==",
      "engines": {
        "node": ">=8"
      }
    },
    "node_modules/fs-readdir-recursive": {
      "version": "1.1.0",
      "resolved": "https://registry.npmjs.org/fs-readdir-recursive/-/fs-readdir-recursive-1.1.0.tgz",
      "integrity": "sha512-GNanXlVr2pf02+sPN40XN8HG+ePaNcvM0q5mZBd668Obwb0yD5GiUbZOFgwn8kGMY6I3mdyDJzieUy3PTYyTRA=="
    },
    "node_modules/he": {
      "version": "1.2.0",
      "resolved": "https://registry.npmjs.org/he/-/he-1.2.0.tgz",
      "integrity": "sha512-F/1DnUGPopORZi0ni+CvrCgHQ5FyEAHRLSApuYWMmrbSwoN2Mn/7k+Gl38gJnR7yyDZk6WLXwiGod1JOWNDKGw==",
      "bin": {
        "he": "bin/he"
      }
    },
    "node_modules/js-stringify": {
      "version": "1.0.2",
      "resolved": "https://registry.npmjs.org/js-stringify/-/js-stringify-1.0.2.tgz",
      "integrity": "sha512-rtS5ATOo2Q5k1G+DADISilDA6lv79zIiwFd6CcjuIxGKLFm5C+RLImRscVap9k55i+MOZwgliw+NejvkLuGD5g=="
    },
    "node_modules/pluralize": {
      "version": "8.0.0",
      "resolved": "https://registry.npmjs.org/pluralize/-/pluralize-8.0.0.tgz",
      "integrity": "sha512-Nc3IT5yHzflTfbjgqWcCPpo7DaKy4FnpB0l/zCAW0Tc7jxAiuqSxHasntB3D7887LSrA93kDJ9IXovxJYxyLCA==",
      "engines": {
        "node": ">=4"
      }
    },
    "node_modules/property-information": {
      "version": "6.5.0",
      "resolved": "https://registry.npmjs.org/property-information/-/property-information-6.5.0.tgz",
      "integrity": "sha512-PgTgs/BlvHxOu8QuEN7wi5A0OmXaBcHpmCSTehcs6Uuu9IkDIEo13Hy7n898RHfrQ49vKCoGeWZSaAK01nwVig==",
      "funding": {
        "type": "github",
        "url": "https://github.com/sponsors/wooorm"
      }
    },
    "node_modules/safe-stable-stringify": {
      "version": "2.5.0",
      "resolved": "https://registry.npmjs.org/safe-stable-stringify/-/safe-stable-stringify-2.5.0.tgz",
      "integrity": "sha512-b3rppTKm9T+PsVCBEOUR46GWI7fdOs00VKZ1+9c1EWDaDMvjQc6tUwuFyIprgGgTcWoVHSKrU8H31ZHA2e0RHA==",
      "engines": {
        "node": ">=10"
      }
    },
    "node_modules/secure-json-parse": {
      "version": "2.7.0",
      "resolved": "https://registry.npmjs.org/secure-json-parse/-/secure-json-parse-2.7.0.tgz",
      "integrity": "sha512-6aU+Rwsezw7VR8/nyvKTx8QpWH9FrcYiXXlqC4z5d5XQBDRqtbfsRjnwGyqbi3gddNtWHuEk9OANUotL26qKUw=="
    },
    "node_modules/slash": {
      "version": "5.1.0",
      "resolved": "https://registry.npmjs.org/slash/-/slash-5.1.0.tgz",
      "integrity": "sha512-ZA6oR3T/pEyuqwMgAKT0/hAv8oAXckzbkmR0UkUosQ+Mc4RxGoJkRmwHgHufaenlyAgE1Mxgpdcrf75y6XcnDg==",
      "engines": {
        "node": ">=14.16"
      },
      "funding": {
        "url": "https://github.com/sponsors/sindresorhus"
      }
    },
    "node_modules/slugify": {
      "version": "1.6.6",
      "resolved": "https://registry.npmjs.org/slugify/-/slugify-1.6.6.tgz",
      "integrity": "sha512-h+z7HKHYXj6wJU+AnS/+IH8Uh9fdcX1Lrhg1/VMdf9PwoBQXFcXiAdsy2tSK0P6gKwJLXp02r90ahUCqHk9rrw==",
      "engines": {
        "node": ">=8.0.0"
      }
    },
    "node_modules/stringify-attributes": {
      "version": "4.0.0",
      "resolved": "https://registry.npmjs.org/stringify-attributes/-/stringify-attributes-4.0.0.tgz",
      "integrity": "sha512-6Hq3K153wTTfhEHb4V/viuqmb0DRn08JCrRnmqc4Q/tmoNuvd4DEyqkiiJXtvVz8ZSUhlCQr7zCpCVTgrelesg==",
      "dependencies": {
        "escape-goat": "^4.0.0"
      },
      "engines": {
        "node": ">=14.16"
      },
      "funding": {
        "url": "https://github.com/sponsors/sindresorhus"
      }
    },
    "node_modules/truncatise": {
      "version": "0.0.8",
      "resolved": "https://registry.npmjs.org/truncatise/-/truncatise-0.0.8.tgz",
      "integrity": "sha512-cXzueh9pzBCsLzhToB4X4gZCb3KYkrsAcBAX97JnazE74HOl3cpBJYEV7nabHeG/6/WXCU5Yujlde/WPBUwnsg=="
    }
  }
}
